
Microsoft Visual Studio Solution File, Format Version 12.00
# Visual Studio Version 16
VisualStudioVersion = 25.0.1704.1
MinimumVisualStudioVersion = 10.0.40219.1
Project("{FAE04EC0-301F-11D3-BF4B-00C04F79EFBC}") = "FileStorageAPI", "FileStorageAPI\FileStorageAPI.csproj", "{0C0D103E-4092-4DD2-9592-A4DAC3675B21}"
EndProject
Project("{FAE04EC0-301F-11D3-BF4B-00C04F79EFBC}") = "FileStorageAPI-test", "FileStorageAPI-test\FileStorageAPI-test.csproj", "{DF993E54-F9B1-4B25-AF0B-C3495136B972}"
EndProject
Global
	GlobalSection(SolutionConfigurationPlatforms) = preSolution
		Debug|Any CPU = Debug|Any CPU
		Release|Any CPU = Release|Any CPU
	EndGlobalSection
	GlobalSection(ProjectConfigurationPlatforms) = postSolution
		{0C0D103E-4092-4DD2-9592-A4DAC3675B21}.Debug|Any CPU.ActiveCfg = Debug|Any CPU
		{0C0D103E-4092-4DD2-9592-A4DAC3675B21}.Debug|Any CPU.Build.0 = Debug|Any CPU
		{0C0D103E-4092-4DD2-9592-A4DAC3675B21}.Release|Any CPU.ActiveCfg = Release|Any CPU
		{0C0D103E-4092-4DD2-9592-A4DAC3675B21}.Release|Any CPU.Build.0 = Release|Any CPU
		{DF993E54-F9B1-4B25-AF0B-C3495136B972}.Debug|Any CPU.ActiveCfg = Debug|Any CPU
		{DF993E54-F9B1-4B25-AF0B-C3495136B972}.Debug|Any CPU.Build.0 = Debug|Any CPU
		{DF993E54-F9B1-4B25-AF0B-C3495136B972}.Release|Any CPU.ActiveCfg = Release|Any CPU
		{DF993E54-F9B1-4B25-AF0B-C3495136B972}.Release|Any CPU.Build.0 = Release|Any CPU
	EndGlobalSection
	GlobalSection(SolutionProperties) = preSolution
		HideSolutionNode = FALSE
	EndGlobalSection
	GlobalSection(ExtensibilityGlobals) = postSolution
		SolutionGuid = {BECC5444-65B4-4860-BA9C-7C3D1CAD9C89}
	EndGlobalSection
EndGlobal
